# This file is automatically @generated by Cargo.
# It is not intended for manual editing.
version = 4

[[package]]
name = "wire-witness-cli"
version = "0.1.0"
dependencies = [
 "wire-witness-core",
 "wire-witness-proxy",
]

[[package]]
name = "wire-witness-core"
version = "0.1.0"

[[package]]
name = "wire-witness-proxy"
version = "0.1.0"
dependencies = [
 "wire-witness-core",
]
